
Microsoft Visual Studio Solution File, Format Version 12.00
# Visual Studio Version 17
VisualStudioVersion = 17.9.34616.47
MinimumVisualStudioVersion = 10.0.40219.1
Project("{FAE04EC0-301F-11D3-BF4B-00C04F79EFBC}") = "TaskManager.API", "TaskManager.API\TaskManager.API.csproj", "{730EB704-BA15-471C-B348-FCC4CA628018}"
EndProject
Global
	GlobalSection(SolutionConfigurationPlatforms) = preSolution
		Debug|Any CPU = Debug|Any CPU
		Release|Any CPU = Release|Any CPU
	EndGlobalSection
	GlobalSection(ProjectConfigurationPlatforms) = postSolution
		{730EB704-BA15-471C-B348-FCC4CA628018}.Debug|Any CPU.ActiveCfg = Debug|Any CPU
		{730EB704-BA15-471C-B348-FCC4CA628018}.Debug|Any CPU.Build.0 = Debug|Any CPU
		{730EB704-BA15-471C-B348-FCC4CA628018}.Release|Any CPU.ActiveCfg = Release|Any CPU
		{730EB704-BA15-471C-B348-FCC4CA628018}.Release|Any CPU.Build.0 = Release|Any CPU
	EndGlobalSection
	GlobalSection(SolutionProperties) = preSolution
		HideSolutionNode = FALSE
	EndGlobalSection
	GlobalSection(ExtensibilityGlobals) = postSolution
		SolutionGuid = {A1B7CAAB-4A37-4A7D-BCEC-D189A12FA462}
	EndGlobalSection
EndGlobal
